
Microsoft Visual Studio Solution File, Format Version 12.00
# Visual Studio 2013
VisualStudioVersion = 12.0.0.0
MinimumVisualStudioVersion = 10.0.0.1
Project("{2150E333-8FDC-42A3-9474-1A3956D46DE8}") = ".paket", ".paket", "{FC142617-CB98-4B12-A909-63459406FF65}"
ProjectSection(SolutionItems) = preProject
	..\paket.dependencies = ..\paket.dependencies
EndProjectSection
EndProject
Project("{FAE04EC0-301F-11D3-BF4B-00C04F79EFBC}") = "Prism.Munq.Wpf", "Prism.Munq.Wpf/Prism.Munq.Wpf.csproj", "{D9EDC70D-67ED-46D9-8149-7EAFC31183AD}"
EndProject
Project("{FAE04EC0-301F-11D3-BF4B-00C04F79EFBC}") = "Prism.Munq.Wpf.Tests", "Prism.Munq.Wpf.Tests\Prism.Munq.Wpf.Tests.csproj", "{88590C37-1DA3-4198-9D49-32DDEA05B6EB}"
EndProject
Global
	GlobalSection(SolutionConfigurationPlatforms) = preSolution
		Debug|Any CPU = Debug|Any CPU
		Release|Any CPU = Release|Any CPU
	EndGlobalSection
	GlobalSection(ProjectConfigurationPlatforms) = postSolution
		{D9EDC70D-67ED-46D9-8149-7EAFC31183AD}.Debug|Any CPU.ActiveCfg = Debug|Any CPU
		{D9EDC70D-67ED-46D9-8149-7EAFC31183AD}.Debug|Any CPU.Build.0 = Debug|Any CPU
		{D9EDC70D-67ED-46D9-8149-7EAFC31183AD}.Release|Any CPU.ActiveCfg = Release|Any CPU
		{D9EDC70D-67ED-46D9-8149-7EAFC31183AD}.Release|Any CPU.Build.0 = Release|Any CPU
		{88590C37-1DA3-4198-9D49-32DDEA05B6EB}.Debug|Any CPU.ActiveCfg = Debug|Any CPU
		{88590C37-1DA3-4198-9D49-32DDEA05B6EB}.Debug|Any CPU.Build.0 = Debug|Any CPU
		{88590C37-1DA3-4198-9D49-32DDEA05B6EB}.Release|Any CPU.ActiveCfg = Release|Any CPU
		{88590C37-1DA3-4198-9D49-32DDEA05B6EB}.Release|Any CPU.Build.0 = Release|Any CPU
	EndGlobalSection
	GlobalSection(SolutionProperties) = preSolution
		HideSolutionNode = FALSE
	EndGlobalSection
EndGlobal
